
Microsoft Visual Studio Solution File, Format Version 12.00
# Visual Studio 15
VisualStudioVersion = 15.0.28307.1169
MinimumVisualStudioVersion = 10.0.40219.1
Project("{9A19103F-16F7-4668-BE54-9A1E7A4F7556}") = "GraphQl_Client", "GraphQl_Client\GraphQl_Client.csproj", "{36121894-FEF1-42FD-A50C-B3FB5ECD0A40}"
EndProject
Global
	GlobalSection(SolutionConfigurationPlatforms) = preSolution
		Debug|Any CPU = Debug|Any CPU
		Release|Any CPU = Release|Any CPU
	EndGlobalSection
	GlobalSection(ProjectConfigurationPlatforms) = postSolution
		{36121894-FEF1-42FD-A50C-B3FB5ECD0A40}.Debug|Any CPU.ActiveCfg = Debug|Any CPU
		{36121894-FEF1-42FD-A50C-B3FB5ECD0A40}.Debug|Any CPU.Build.0 = Debug|Any CPU
		{36121894-FEF1-42FD-A50C-B3FB5ECD0A40}.Release|Any CPU.ActiveCfg = Release|Any CPU
		{36121894-FEF1-42FD-A50C-B3FB5ECD0A40}.Release|Any CPU.Build.0 = Release|Any CPU
	EndGlobalSection
	GlobalSection(SolutionProperties) = preSolution
		HideSolutionNode = FALSE
	EndGlobalSection
	GlobalSection(ExtensibilityGlobals) = postSolution
		SolutionGuid = {A0EAB094-1779-4B85-B00A-E65E5DC3120D}
	EndGlobalSection
EndGlobal
